
Microsoft Visual Studio Solution File, Format Version 12.00
# Visual Studio Version 16
VisualStudioVersion = 16.0.31729.503
MinimumVisualStudioVersion = 10.0.40219.1
Project("{FAE04EC0-301F-11D3-BF4B-00C04F79EFBC}") = "Eventures.App", "EventuresApp\Eventures.App.csproj", "{06BE86BF-2651-4D48-9695-02DC228480DD}"
EndProject
Global
	GlobalSection(SolutionConfigurationPlatforms) = preSolution
		Debug|Any CPU = Debug|Any CPU
		Release|Any CPU = Release|Any CPU
	EndGlobalSection
	GlobalSection(ProjectConfigurationPlatforms) = postSolution
		{06BE86BF-2651-4D48-9695-02DC228480DD}.Debug|Any CPU.ActiveCfg = Debug|Any CPU
		{06BE86BF-2651-4D48-9695-02DC228480DD}.Debug|Any CPU.Build.0 = Debug|Any CPU
		{06BE86BF-2651-4D48-9695-02DC228480DD}.Release|Any CPU.ActiveCfg = Release|Any CPU
		{06BE86BF-2651-4D48-9695-02DC228480DD}.Release|Any CPU.Build.0 = Release|Any CPU
	EndGlobalSection
	GlobalSection(SolutionProperties) = preSolution
		HideSolutionNode = FALSE
	EndGlobalSection
	GlobalSection(ExtensibilityGlobals) = postSolution
		SolutionGuid = {A0939F4F-31A2-4EEE-8F97-8315576B1868}
	EndGlobalSection
EndGlobal
